// !$*UTF8*$!
{
	archiveVersion = 1;
	classes = {
	};
	objectVersion = 50;
	objects = {

/* Begin PBXBuildFile section */
		37008E532475B43500F32CB2 /* HolidayAndDay.swift in Sources */ = {isa = PBXBuildFile; fileRef = 37008E522475B43500F32CB2 /* HolidayAndDay.swift */; };
		3701F16C247C380D009E4071 /* OldYear.swift in Sources */ = {isa = PBXBuildFile; fileRef = 3701F16B247C380D009E4071 /* OldYear.swift */; };
		3701F16E247D1B3B009E4071 /* YearsPageViewController.swift in Sources */ = {isa = PBXBuildFile; fileRef = 3701F16D247D1B3B009E4071 /* YearsPageViewController.swift */; };
		3701F170247D1B53009E4071 /* YearViewController.swift in Sources */ = {isa = PBXBuildFile; fileRef = 3701F16F247D1B53009E4071 /* YearViewController.swift */; };
		3701F172247D1B8B009E4071 /* MainDatePageViewController.swift in Sources */ = {isa = PBXBuildFile; fileRef = 3701F171247D1B8B009E4071 /* MainDatePageViewController.swift */; };
		3701F174247D1B9E009E4071 /* MainDateViewController.swift in Sources */ = {isa = PBXBuildFile; fileRef = 3701F173247D1B9D009E4071 /* MainDateViewController.swift */; };
		3701F17C247F6500009E4071 /* NotificationCenter.framework in Frameworks */ = {isa = PBXBuildFile; fileRef = 3701F17B247F6500009E4071 /* NotificationCenter.framework */; };
		3701F17F247F6500009E4071 /* TodayViewController.swift in Sources */ = {isa = PBXBuildFile; fileRef = 3701F17E247F6500009E4071 /* TodayViewController.swift */; };
		3701F182247F6500009E4071 /* MainInterface.storyboard in Resources */ = {isa = PBXBuildFile; fileRef = 3701F180247F6500009E4071 /* MainInterface.storyboard */; };
		3701F186247F6500009E4071 /* widget.appex in Embed App Extensions */ = {isa = PBXBuildFile; fileRef = 3701F179247F6500009E4071 /* widget.appex */; settings = {ATTRIBUTES = (RemoveHeadersOnCopy, ); }; };
		375E90F6246C252F00C7D49C /* CurrentDate.swift in Sources */ = {isa = PBXBuildFile; fileRef = 375E90F5246C252F00C7D49C /* CurrentDate.swift */; };
		375E913C246E6A4000C7D49C /* rodnik.otf in Resources */ = {isa = PBXBuildFile; fileRef = 375E913B246E6A4000C7D49C /* rodnik.otf */; };
		379F4B342481172900F975D5 /* MyDateTextField.swift in Sources */ = {isa = PBXBuildFile; fileRef = 379F4B332481172900F975D5 /* MyDateTextField.swift */; };
		379F4B37248140F500F975D5 /* CustomDate.swift in Sources */ = {isa = PBXBuildFile; fileRef = 379F4B36248140F500F975D5 /* CustomDate.swift */; };
		37D8C2532462A3E000E9C5F4 /* AppDelegate.swift in Sources */ = {isa = PBXBuildFile; fileRef = 37D8C2522462A3E000E9C5F4 /* AppDelegate.swift */; };
		37D8C2552462A3E000E9C5F4 /* SceneDelegate.swift in Sources */ = {isa = PBXBuildFile; fileRef = 37D8C2542462A3E000E9C5F4 /* SceneDelegate.swift */; };
		37D8C25A2462A3E000E9C5F4 /* Main.storyboard in Resources */ = {isa = PBXBuildFile; fileRef = 37D8C2582462A3E000E9C5F4 /* Main.storyboard */; };
		37D8C25C2462A3E100E9C5F4 /* Assets.xcassets in Resources */ = {isa = PBXBuildFile; fileRef = 37D8C25B2462A3E100E9C5F4 /* Assets.xcassets */; };
		37D8C25F2462A3E100E9C5F4 /* LaunchScreen.storyboard in Resources */ = {isa = PBXBuildFile; fileRef = 37D8C25D2462A3E100E9C5F4 /* LaunchScreen.storyboard */; };
		37D8C2672462B9F900E9C5F4 /* YearsTableViewController.swift in Sources */ = {isa = PBXBuildFile; fileRef = 37D8C2662462B9F900E9C5F4 /* YearsTableViewController.swift */; };
		37D8C2692462BA2700E9C5F4 /* MainDaysTableViewController.swift in Sources */ = {isa = PBXBuildFile; fileRef = 37D8C2682462BA2700E9C5F4 /* MainDaysTableViewController.swift */; };
		37D8C26B2462BA6000E9C5F4 /* AboutViewController.swift in Sources */ = {isa = PBXBuildFile; fileRef = 37D8C26A2462BA6000E9C5F4 /* AboutViewController.swift */; };
		37D8C26D2462BAAE00E9C5F4 /* MyDateViewController.swift in Sources */ = {isa = PBXBuildFile; fileRef = 37D8C26C2462BAAE00E9C5F4 /* MyDateViewController.swift */; };
		37D8C26F2462BAD600E9C5F4 /* CurrentViewController.swift in Sources */ = {isa = PBXBuildFile; fileRef = 37D8C26E2462BAD600E9C5F4 /* CurrentViewController.swift */; };
		37EA819724740657008FEC79 /* OldDaysOfWeek.swift in Sources */ = {isa = PBXBuildFile; fileRef = 37EA819624740657008FEC79 /* OldDaysOfWeek.swift */; };
/* End PBXBuildFile section */

/* Begin PBXContainerItemProxy section */
		3701F184247F6500009E4071 /* PBXContainerItemProxy */ = {
			isa = PBXContainerItemProxy;
			containerPortal = 37D8C2472462A3E000E9C5F4 /* Project object */;
			proxyType = 1;
			remoteGlobalIDString = 3701F178247F6500009E4071;
			remoteInfo = widget;
		};
/* End PBXContainerItemProxy section */

/* Begin PBXCopyFilesBuildPhase section */
		3701F187247F6500009E4071 /* Embed App Extensions */ = {
			isa = PBXCopyFilesBuildPhase;
			buildActionMask = 2147483647;
			dstPath = "";
			dstSubfolderSpec = 13;
			files = (
				3701F186247F6500009E4071 /* widget.appex in Embed App Extensions */,
			);
			name = "Embed App Extensions";
			runOnlyForDeploymentPostprocessing = 0;
		};
/* End PBXCopyFilesBuildPhase section */

/* Begin PBXFileReference section */
		37008E522475B43500F32CB2 /* HolidayAndDay.swift */ = {isa = PBXFileReference; lastKnownFileType = sourcecode.swift; path = HolidayAndDay.swift; sourceTree = "<group>"; };
		3701F16B247C380D009E4071 /* OldYear.swift */ = {isa = PBXFileReference; lastKnownFileType = sourcecode.swift; path = OldYear.swift; sourceTree = "<group>"; };
		3701F16D247D1B3B009E4071 /* YearsPageViewController.swift */ = {isa = PBXFileReference; lastKnownFileType = sourcecode.swift; path = YearsPageViewController.swift; sourceTree = "<group>"; };
		3701F16F247D1B53009E4071 /* YearViewController.swift */ = {isa = PBXFileReference; lastKnownFileType = sourcecode.swift; path = YearViewController.swift; sourceTree = "<group>"; };
		3701F171247D1B8B009E4071 /* MainDatePageViewController.swift */ = {isa = PBXFileReference; lastKnownFileType = sourcecode.swift; path = MainDatePageViewController.swift; sourceTree = "<group>"; };
		3701F173247D1B9D009E4071 /* MainDateViewController.swift */ = {isa = PBXFileReference; lastKnownFileType = sourcecode.swift; path = MainDateViewController.swift; sourceTree = "<group>"; };
		3701F179247F6500009E4071 /* widget.appex */ = {isa = PBXFileReference; explicitFileType = "wrapper.app-extension"; includeInIndex = 0; path = widget.appex; sourceTree = BUILT_PRODUCTS_DIR; };
		3701F17B247F6500009E4071 /* NotificationCenter.framework */ = {isa = PBXFileReference; lastKnownFileType = wrapper.framework; name = NotificationCenter.framework; path = System/Library/Frameworks/NotificationCenter.framework; sourceTree = SDKROOT; };
		3701F17E247F6500009E4071 /* TodayViewController.swift */ = {isa = PBXFileReference; lastKnownFileType = sourcecode.swift; path = TodayViewController.swift; sourceTree = "<group>"; };
		3701F181247F6500009E4071 /* Base */ = {isa = PBXFileReference; lastKnownFileType = file.storyboard; name = Base; path = Base.lproj/MainInterface.storyboard; sourceTree = "<group>"; };
		3701F183247F6500009E4071 /* Info.plist */ = {isa = PBXFileReference; lastKnownFileType = text.plist.xml; path = Info.plist; sourceTree = "<group>"; };
		3701F18B247F69D0009E4071 /* Коляды_Даръ.entitlements */ = {isa = PBXFileReference; lastKnownFileType = text.plist.entitlements; path = "Коляды_Даръ.entitlements"; sourceTree = "<group>"; };
		3701F18C247F69E3009E4071 /* widget.entitlements */ = {isa = PBXFileReference; lastKnownFileType = text.plist.entitlements; path = widget.entitlements; sourceTree = "<group>"; };
		375E90F5246C252F00C7D49C /* CurrentDate.swift */ = {isa = PBXFileReference; lastKnownFileType = sourcecode.swift; path = CurrentDate.swift; sourceTree = "<group>"; };
		375E913B246E6A4000C7D49C /* rodnik.otf */ = {isa = PBXFileReference; lastKnownFileType = file; name = rodnik.otf; path = "../../../../Шрифты/rodnik.otf"; sourceTree = "<group>"; };
		379F4B332481172900F975D5 /* MyDateTextField.swift */ = {isa = PBXFileReference; lastKnownFileType = sourcecode.swift; path = MyDateTextField.swift; sourceTree = "<group>"; };
		379F4B36248140F500F975D5 /* CustomDate.swift */ = {isa = PBXFileReference; lastKnownFileType = sourcecode.swift; path = CustomDate.swift; sourceTree = "<group>"; };
		37D8C24F2462A3E000E9C5F4 /* Коляды Даръ.app */ = {isa = PBXFileReference; explicitFileType = wrapper.application; includeInIndex = 0; path = "Коляды Даръ.app"; sourceTree = BUILT_PRODUCTS_DIR; };
		37D8C2522462A3E000E9C5F4 /* AppDelegate.swift */ = {isa = PBXFileReference; lastKnownFileType = sourcecode.swift; path = AppDelegate.swift; sourceTree = "<group>"; };
		37D8C2542462A3E000E9C5F4 /* SceneDelegate.swift */ = {isa = PBXFileReference; lastKnownFileType = sourcecode.swift; path = SceneDelegate.swift; sourceTree = "<group>"; };
		37D8C2592462A3E000E9C5F4 /* Base */ = {isa = PBXFileReference; lastKnownFileType = file.storyboard; name = Base; path = Base.lproj/Main.storyboard; sourceTree = "<group>"; };
		37D8C25B2462A3E100E9C5F4 /* Assets.xcassets */ = {isa = PBXFileReference; lastKnownFileType = folder.assetcatalog; path = Assets.xcassets; sourceTree = "<group>"; };
		37D8C25E2462A3E100E9C5F4 /* Base */ = {isa = PBXFileReference; lastKnownFileType = file.storyboard; name = Base; path = Base.lproj/LaunchScreen.storyboard; sourceTree = "<group>"; };
		37D8C2602462A3E100E9C5F4 /* Info.plist */ = {isa = PBXFileReference; lastKnownFileType = text.plist.xml; path = Info.plist; sourceTree = "<group>"; };
		37D8C2662462B9F900E9C5F4 /* YearsTableViewController.swift */ = {isa = PBXFileReference; lastKnownFileType = sourcecode.swift; path = YearsTableViewController.swift; sourceTree = "<group>"; };
		37D8C2682462BA2700E9C5F4 /* MainDaysTableViewController.swift */ = {isa = PBXFileReference; lastKnownFileType = sourcecode.swift; path = MainDaysTableViewController.swift; sourceTree = "<group>"; };
		37D8C26A2462BA6000E9C5F4 /* AboutViewController.swift */ = {isa = PBXFileReference; lastKnownFileType = sourcecode.swift; path = AboutViewController.swift; sourceTree = "<group>"; };
		37D8C26C2462BAAE00E9C5F4 /* MyDateViewController.swift */ = {isa = PBXFileReference; lastKnownFileType = sourcecode.swift; path = MyDateViewController.swift; sourceTree = "<group>"; };
		37D8C26E2462BAD600E9C5F4 /* CurrentViewController.swift */ = {isa = PBXFileReference; lastKnownFileType = sourcecode.swift; path = CurrentViewController.swift; sourceTree = "<group>"; };
		37EA819624740657008FEC79 /* OldDaysOfWeek.swift */ = {isa = PBXFileReference; lastKnownFileType = sourcecode.swift; path = OldDaysOfWeek.swift; sourceTree = "<group>"; };
/* End PBXFileReference section */

/* Begin PBXFrameworksBuildPhase section */
		3701F176247F6500009E4071 /* Frameworks */ = {
			isa = PBXFrameworksBuildPhase;
			buildActionMask = 2147483647;
			files = (
				3701F17C247F6500009E4071 /* NotificationCenter.framework in Frameworks */,
			);
			runOnlyForDeploymentPostprocessing = 0;
		};
		37D8C24C2462A3E000E9C5F4 /* Frameworks */ = {
			isa = PBXFrameworksBuildPhase;
			buildActionMask = 2147483647;
			files = (
			);
			runOnlyForDeploymentPostprocessing = 0;
		};
/* End PBXFrameworksBuildPhase section */

/* Begin PBXGroup section */
		3701F17A247F6500009E4071 /* Frameworks */ = {
			isa = PBXGroup;
			children = (
				3701F17B247F6500009E4071 /* NotificationCenter.framework */,
			);
			name = Frameworks;
			sourceTree = "<group>";
		};
		3701F17D247F6500009E4071 /* widget */ = {
			isa = PBXGroup;
			children = (
				3701F18C247F69E3009E4071 /* widget.entitlements */,
				3701F17E247F6500009E4071 /* TodayViewController.swift */,
				3701F180247F6500009E4071 /* MainInterface.storyboard */,
				3701F183247F6500009E4071 /* Info.plist */,
			);
			path = widget;
			sourceTree = "<group>";
		};
		3701F19D248038A3009E4071 /* MainDays */ = {
			isa = PBXGroup;
			children = (
				37D8C2682462BA2700E9C5F4 /* MainDaysTableViewController.swift */,
				3701F171247D1B8B009E4071 /* MainDatePageViewController.swift */,
				3701F173247D1B9D009E4071 /* MainDateViewController.swift */,
			);
			path = MainDays;
			sourceTree = "<group>";
		};
		3701F19E248038BE009E4071 /* Years */ = {
			isa = PBXGroup;
			children = (
				3701F16B247C380D009E4071 /* OldYear.swift */,
				37D8C2662462B9F900E9C5F4 /* YearsTableViewController.swift */,
				3701F16D247D1B3B009E4071 /* YearsPageViewController.swift */,
				3701F16F247D1B53009E4071 /* YearViewController.swift */,
			);
			path = Years;
			sourceTree = "<group>";
		};
		379F4B352481238100F975D5 /* MyDate */ = {
			isa = PBXGroup;
			children = (
				37D8C26C2462BAAE00E9C5F4 /* MyDateViewController.swift */,
				379F4B36248140F500F975D5 /* CustomDate.swift */,
				379F4B332481172900F975D5 /* MyDateTextField.swift */,
			);
			path = MyDate;
			sourceTree = "<group>";
		};
		37D8C2462462A3E000E9C5F4 = {
			isa = PBXGroup;
			children = (
				37D8C2512462A3E000E9C5F4 /* KolyadiDar */,
				3701F17D247F6500009E4071 /* widget */,
				3701F17A247F6500009E4071 /* Frameworks */,
				37D8C2502462A3E000E9C5F4 /* Products */,
			);
			sourceTree = "<group>";
		};
		37D8C2502462A3E000E9C5F4 /* Products */ = {
			isa = PBXGroup;
			children = (
				37D8C24F2462A3E000E9C5F4 /* Коляды Даръ.app */,
				3701F179247F6500009E4071 /* widget.appex */,
			);
			name = Products;
			sourceTree = "<group>";
		};
		37D8C2512462A3E000E9C5F4 /* KolyadiDar */ = {
			isa = PBXGroup;
			children = (
				3701F18B247F69D0009E4071 /* Коляды_Даръ.entitlements */,
				37D8C2522462A3E000E9C5F4 /* AppDelegate.swift */,
				37D8C2542462A3E000E9C5F4 /* SceneDelegate.swift */,
				37D8C26E2462BAD600E9C5F4 /* CurrentViewController.swift */,
				375E90F5246C252F00C7D49C /* CurrentDate.swift */,
				37008E522475B43500F32CB2 /* HolidayAndDay.swift */,
				37EA819624740657008FEC79 /* OldDaysOfWeek.swift */,
				379F4B352481238100F975D5 /* MyDate */,
				3701F19E248038BE009E4071 /* Years */,
				3701F19D248038A3009E4071 /* MainDays */,
				37D8C26A2462BA6000E9C5F4 /* AboutViewController.swift */,
				37D8C2582462A3E000E9C5F4 /* Main.storyboard */,
				37D8C25B2462A3E100E9C5F4 /* Assets.xcassets */,
				37D8C25D2462A3E100E9C5F4 /* LaunchScreen.storyboard */,
				37D8C2602462A3E100E9C5F4 /* Info.plist */,
				375E913B246E6A4000C7D49C /* rodnik.otf */,
			);
			path = KolyadiDar;
			sourceTree = "<group>";
		};
/* End PBXGroup section */

/* Begin PBXNativeTarget section */
		3701F178247F6500009E4071 /* widget */ = {
			isa = PBXNativeTarget;
			buildConfigurationList = 3701F18A247F6500009E4071 /* Build configuration list for PBXNativeTarget "widget" */;
			buildPhases = (
				3701F175247F6500009E4071 /* Sources */,
				3701F176247F6500009E4071 /* Frameworks */,
				3701F177247F6500009E4071 /* Resources */,
			);
			buildRules = (
			);
			dependencies = (
			);
			name = widget;
			productName = widget;
			productReference = 3701F179247F6500009E4071 /* widget.appex */;
			productType = "com.apple.product-type.app-extension";
		};
		37D8C24E2462A3E000E9C5F4 /* KolyadiDar */ = {
			isa = PBXNativeTarget;
			buildConfigurationList = 37D8C2632462A3E100E9C5F4 /* Build configuration list for PBXNativeTarget "KolyadiDar" */;
			buildPhases = (
				37D8C24B2462A3E000E9C5F4 /* Sources */,
				37D8C24C2462A3E000E9C5F4 /* Frameworks */,
				37D8C24D2462A3E000E9C5F4 /* Resources */,
				3701F187247F6500009E4071 /* Embed App Extensions */,
			);
			buildRules = (
			);
			dependencies = (
				3701F185247F6500009E4071 /* PBXTargetDependency */,
			);
			name = KolyadiDar;
			productName = KolyadiDar;
			productReference = 37D8C24F2462A3E000E9C5F4 /* Коляды Даръ.app */;
			productType = "com.apple.product-type.application";
		};
/* End PBXNativeTarget section */

/* Begin PBXProject section */
		37D8C2472462A3E000E9C5F4 /* Project object */ = {
			isa = PBXProject;
			attributes = {
				LastSwiftUpdateCheck = 1150;
				LastUpgradeCheck = 1140;
				ORGANIZATIONNAME = "Maksim Pavlov";
				TargetAttributes = {
					3701F178247F6500009E4071 = {
						CreatedOnToolsVersion = 11.5;
					};
					37D8C24E2462A3E000E9C5F4 = {
						CreatedOnToolsVersion = 11.4.1;
					};
				};
			};
			buildConfigurationList = 37D8C24A2462A3E000E9C5F4 /* Build configuration list for PBXProject "KolyadiDar" */;
			compatibilityVersion = "Xcode 9.3";
			developmentRegion = en;
			hasScannedForEncodings = 0;
			knownRegions = (
				en,
				Base,
			);
			mainGroup = 37D8C2462462A3E000E9C5F4;
			productRefGroup = 37D8C2502462A3E000E9C5F4 /* Products */;
			projectDirPath = "";
			projectRoot = "";
			targets = (
				37D8C24E2462A3E000E9C5F4 /* KolyadiDar */,
				3701F178247F6500009E4071 /* widget */,
			);
		};
/* End PBXProject section */

/* Begin PBXResourcesBuildPhase section */
		3701F177247F6500009E4071 /* Resources */ = {
			isa = PBXResourcesBuildPhase;
			buildActionMask = 2147483647;
			files = (
				3701F182247F6500009E4071 /* MainInterface.storyboard in Resources */,
			);
			runOnlyForDeploymentPostprocessing = 0;
		};
		37D8C24D2462A3E000E9C5F4 /* Resources */ = {
			isa = PBXResourcesBuildPhase;
			buildActionMask = 2147483647;
			files = (
				375E913C246E6A4000C7D49C /* rodnik.otf in Resources */,
				37D8C25F2462A3E100E9C5F4 /* LaunchScreen.storyboard in Resources */,
				37D8C25C2462A3E100E9C5F4 /* Assets.xcassets in Resources */,
				37D8C25A2462A3E000E9C5F4 /* Main.storyboard in Resources */,
			);
			runOnlyForDeploymentPostprocessing = 0;
		};
/* End PBXResourcesBuildPhase section */

/* Begin PBXSourcesBuildPhase section */
		3701F175247F6500009E4071 /* Sources */ = {
			isa = PBXSourcesBuildPhase;
			buildActionMask = 2147483647;
			files = (
				3701F17F247F6500009E4071 /* TodayViewController.swift in Sources */,
			);
			runOnlyForDeploymentPostprocessing = 0;
		};
		37D8C24B2462A3E000E9C5F4 /* Sources */ = {
			isa = PBXSourcesBuildPhase;
			buildActionMask = 2147483647;
			files = (
				3701F16E247D1B3B009E4071 /* YearsPageViewController.swift in Sources */,
				3701F170247D1B53009E4071 /* YearViewController.swift in Sources */,
				37D8C26B2462BA6000E9C5F4 /* AboutViewController.swift in Sources */,
				3701F174247D1B9E009E4071 /* MainDateViewController.swift in Sources */,
				37D8C2672462B9F900E9C5F4 /* YearsTableViewController.swift in Sources */,
				37D8C2692462BA2700E9C5F4 /* MainDaysTableViewController.swift in Sources */,
				37D8C2532462A3E000E9C5F4 /* AppDelegate.swift in Sources */,
				37D8C2552462A3E000E9C5F4 /* SceneDelegate.swift in Sources */,
				3701F16C247C380D009E4071 /* OldYear.swift in Sources */,
				375E90F6246C252F00C7D49C /* CurrentDate.swift in Sources */,
				37D8C26F2462BAD600E9C5F4 /* CurrentViewController.swift in Sources */,
				379F4B37248140F500F975D5 /* CustomDate.swift in Sources */,
				37008E532475B43500F32CB2 /* HolidayAndDay.swift in Sources */,
				37EA819724740657008FEC79 /* OldDaysOfWeek.swift in Sources */,
				379F4B342481172900F975D5 /* MyDateTextField.swift in Sources */,
				3701F172247D1B8B009E4071 /* MainDatePageViewController.swift in Sources */,
				37D8C26D2462BAAE00E9C5F4 /* MyDateViewController.swift in Sources */,
			);
			runOnlyForDeploymentPostprocessing = 0;
		};
/* End PBXSourcesBuildPhase section */

/* Begin PBXTargetDependency section */
		3701F185247F6500009E4071 /* PBXTargetDependency */ = {
			isa = PBXTargetDependency;
			target = 3701F178247F6500009E4071 /* widget */;
			targetProxy = 3701F184247F6500009E4071 /* PBXContainerItemProxy */;
		};
/* End PBXTargetDependency section */

/* Begin PBXVariantGroup section */
		3701F180247F6500009E4071 /* MainInterface.storyboard */ = {
			isa = PBXVariantGroup;
			children = (
				3701F181247F6500009E4071 /* Base */,
			);
			name = MainInterface.storyboard;
			sourceTree = "<group>";
		};
		37D8C2582462A3E000E9C5F4 /* Main.storyboard */ = {
			isa = PBXVariantGroup;
			children = (
				37D8C2592462A3E000E9C5F4 /* Base */,
			);
			name = Main.storyboard;
			sourceTree = "<group>";
		};
		37D8C25D2462A3E100E9C5F4 /* LaunchScreen.storyboard */ = {
			isa = PBXVariantGroup;
			children = (
				37D8C25E2462A3E100E9C5F4 /* Base */,
			);
			name = LaunchScreen.storyboard;
			sourceTree = "<group>";
		};
/* End PBXVariantGroup section */

/* Begin XCBuildConfiguration section */
		3701F188247F6500009E4071 /* Debug */ = {
			isa = XCBuildConfiguration;
			buildSettings = {
				CODE_SIGN_ENTITLEMENTS = widget/widget.entitlements;
				CODE_SIGN_STYLE = Automatic;
				DEVELOPMENT_TEAM = 83SVK7LP7D;
				INFOPLIST_FILE = widget/Info.plist;
				IPHONEOS_DEPLOYMENT_TARGET = 13.5;
				LD_RUNPATH_SEARCH_PATHS = (
					"$(inherited)",
					"@executable_path/Frameworks",
					"@executable_path/../../Frameworks",
				);
				PRODUCT_BUNDLE_IDENTIFIER = ru.superstarper.dev.KolyadiDar.widget;
				PRODUCT_NAME = "$(TARGET_NAME)";
				SKIP_INSTALL = YES;
				SWIFT_VERSION = 5.0;
				TARGETED_DEVICE_FAMILY = 1;
			};
			name = Debug;
		};
		3701F189247F6500009E4071 /* Release */ = {
			isa = XCBuildConfiguration;
			buildSettings = {
				CODE_SIGN_ENTITLEMENTS = widget/widget.entitlements;
				CODE_SIGN_STYLE = Automatic;
				DEVELOPMENT_TEAM = 83SVK7LP7D;
				INFOPLIST_FILE = widget/Info.plist;
				IPHONEOS_DEPLOYMENT_TARGET = 13.5;
				LD_RUNPATH_SEARCH_PATHS = (
					"$(inherited)",
					"@executable_path/Frameworks",
					"@executable_path/../../Frameworks",
				);
				PRODUCT_BUNDLE_IDENTIFIER = ru.superstarper.dev.KolyadiDar.widget;
				PRODUCT_NAME = "$(TARGET_NAME)";
				SKIP_INSTALL = YES;
				SWIFT_VERSION = 5.0;
				TARGETED_DEVICE_FAMILY = 1;
			};
			name = Release;
		};
		37D8C2612462A3E100E9C5F4 /* Debug */ = {
			isa = XCBuildConfiguration;
			buildSettings = {
				ALWAYS_SEARCH_USER_PATHS = NO;
				CLANG_ANALYZER_LOCALIZABILITY_NONLOCALIZED = YES;
				CLANG_ANALYZER_NONNULL = YES;
				CLANG_ANALYZER_NUMBER_OBJECT_CONVERSION = YES_AGGRESSIVE;
				CLANG_CXX_LANGUAGE_STANDARD = "gnu++14";
				CLANG_CXX_LIBRARY = "libc++";
				CLANG_ENABLE_MODULES = YES;
				CLANG_ENABLE_OBJC_ARC = YES;
				CLANG_ENABLE_OBJC_WEAK = YES;
				CLANG_WARN_BLOCK_CAPTURE_AUTORELEASING = YES;
				CLANG_WARN_BOOL_CONVERSION = YES;
				CLANG_WARN_COMMA = YES;
				CLANG_WARN_CONSTANT_CONVERSION = YES;
				CLANG_WARN_DEPRECATED_OBJC_IMPLEMENTATIONS = YES;
				CLANG_WARN_DIRECT_OBJC_ISA_USAGE = YES_ERROR;
				CLANG_WARN_DOCUMENTATION_COMMENTS = YES;
				CLANG_WARN_EMPTY_BODY = YES;
				CLANG_WARN_ENUM_CONVERSION = YES;
				CLANG_WARN_INFINITE_RECURSION = YES;
				CLANG_WARN_INT_CONVERSION = YES;
				CLANG_WARN_NON_LITERAL_NULL_CONVERSION = YES;
				CLANG_WARN_OBJC_IMPLICIT_RETAIN_SELF = YES;
				CLANG_WARN_OBJC_LITERAL_CONVERSION = YES;
				CLANG_WARN_OBJC_ROOT_CLASS = YES_ERROR;
				CLANG_WARN_RANGE_LOOP_ANALYSIS = YES;
				CLANG_WARN_STRICT_PROTOTYPES = YES;
				CLANG_WARN_SUSPICIOUS_MOVE = YES;
				CLANG_WARN_UNGUARDED_AVAILABILITY = YES_AGGRESSIVE;
				CLANG_WARN_UNREACHABLE_CODE = YES;
				CLANG_WARN__DUPLICATE_METHOD_MATCH = YES;
				COPY_PHASE_STRIP = NO;
				DEBUG_INFORMATION_FORMAT = dwarf;
				ENABLE_STRICT_OBJC_MSGSEND = YES;
				ENABLE_TESTABILITY = YES;
				GCC_C_LANGUAGE_STANDARD = gnu11;
				GCC_DYNAMIC_NO_PIC = NO;
				GCC_NO_COMMON_BLOCKS = YES;
				GCC_OPTIMIZATION_LEVEL = 0;
				GCC_PREPROCESSOR_DEFINITIONS = (
					"DEBUG=1",
					"$(inherited)",
				);
				GCC_WARN_64_TO_32_BIT_CONVERSION = YES;
				GCC_WARN_ABOUT_RETURN_TYPE = YES_ERROR;
				GCC_WARN_UNDECLARED_SELECTOR = YES;
				GCC_WARN_UNINITIALIZED_AUTOS = YES_AGGRESSIVE;
				GCC_WARN_UNUSED_FUNCTION = YES;
				GCC_WARN_UNUSED_VARIABLE = YES;
				IPHONEOS_DEPLOYMENT_TARGET = 13.0;
				MTL_ENABLE_DEBUG_INFO = INCLUDE_SOURCE;
				MTL_FAST_MATH = YES;
				ONLY_ACTIVE_ARCH = YES;
				SDKROOT = iphoneos;
				SWIFT_ACTIVE_COMPILATION_CONDITIONS = DEBUG;
				SWIFT_OPTIMIZATION_LEVEL = "-Onone";
			};
			name = Debug;
		};
		37D8C2622462A3E100E9C5F4 /* Release */ = {
			isa = XCBuildConfiguration;
			buildSettings = {
				ALWAYS_SEARCH_USER_PATHS = NO;
				CLANG_ANALYZER_LOCALIZABILITY_NONLOCALIZED = YES;
				CLANG_ANALYZER_NONNULL = YES;
				CLANG_ANALYZER_NUMBER_OBJECT_CONVERSION = YES_AGGRESSIVE;
				CLANG_CXX_LANGUAGE_STANDARD = "gnu++14";
				CLANG_CXX_LIBRARY = "libc++";
				CLANG_ENABLE_MODULES = YES;
				CLANG_ENABLE_OBJC_ARC = YES;
				CLANG_ENABLE_OBJC_WEAK = YES;
				CLANG_WARN_BLOCK_CAPTURE_AUTORELEASING = YES;
				CLANG_WARN_BOOL_CONVERSION = YES;
				CLANG_WARN_COMMA = YES;
				CLANG_WARN_CONSTANT_CONVERSION = YES;
				CLANG_WARN_DEPRECATED_OBJC_IMPLEMENTATIONS = YES;
				CLANG_WARN_DIRECT_OBJC_ISA_USAGE = YES_ERROR;
				CLANG_WARN_DOCUMENTATION_COMMENTS = YES;
				CLANG_WARN_EMPTY_BODY = YES;
				CLANG_WARN_ENUM_CONVERSION = YES;
				CLANG_WARN_INFINITE_RECURSION = YES;
				CLANG_WARN_INT_CONVERSION = YES;
				CLANG_WARN_NON_LITERAL_NULL_CONVERSION = YES;
				CLANG_WARN_OBJC_IMPLICIT_RETAIN_SELF = YES;
				CLANG_WARN_OBJC_LITERAL_CONVERSION = YES;
				CLANG_WARN_OBJC_ROOT_CLASS = YES_ERROR;
				CLANG_WARN_RANGE_LOOP_ANALYSIS = YES;
				CLANG_WARN_STRICT_PROTOTYPES = YES;
				CLANG_WARN_SUSPICIOUS_MOVE = YES;
				CLANG_WARN_UNGUARDED_AVAILABILITY = YES_AGGRESSIVE;
				CLANG_WARN_UNREACHABLE_CODE = YES;
				CLANG_WARN__DUPLICATE_METHOD_MATCH = YES;
				COPY_PHASE_STRIP = NO;
				DEBUG_INFORMATION_FORMAT = "dwarf-with-dsym";
				ENABLE_NS_ASSERTIONS = NO;
				ENABLE_STRICT_OBJC_MSGSEND = YES;
				GCC_C_LANGUAGE_STANDARD = gnu11;
				GCC_NO_COMMON_BLOCKS = YES;
				GCC_WARN_64_TO_32_BIT_CONVERSION = YES;
				GCC_WARN_ABOUT_RETURN_TYPE = YES_ERROR;
				GCC_WARN_UNDECLARED_SELECTOR = YES;
				GCC_WARN_UNINITIALIZED_AUTOS = YES_AGGRESSIVE;
				GCC_WARN_UNUSED_FUNCTION = YES;
				GCC_WARN_UNUSED_VARIABLE = YES;
				IPHONEOS_DEPLOYMENT_TARGET = 13.0;
				MTL_ENABLE_DEBUG_INFO = NO;
				MTL_FAST_MATH = YES;
				SDKROOT = iphoneos;
				SWIFT_COMPILATION_MODE = wholemodule;
				SWIFT_OPTIMIZATION_LEVEL = "-O";
				VALIDATE_PRODUCT = YES;
			};
			name = Release;
		};
		37D8C2642462A3E100E9C5F4 /* Debug */ = {
			isa = XCBuildConfiguration;
			buildSettings = {
				ALWAYS_EMBED_SWIFT_STANDARD_LIBRARIES = YES;
				ASSETCATALOG_COMPILER_APPICON_NAME = AppIcon;
				CODE_SIGN_ENTITLEMENTS = "KolyadiDar/Коляды_Даръ.entitlements";
				CODE_SIGN_STYLE = Automatic;
				DEVELOPMENT_TEAM = 83SVK7LP7D;
				INFOPLIST_FILE = KolyadiDar/Info.plist;
				IPHONEOS_DEPLOYMENT_TARGET = 13.0;
				LD_RUNPATH_SEARCH_PATHS = (
					"$(inherited)",
					"@executable_path/Frameworks",
				);
				PRODUCT_BUNDLE_IDENTIFIER = ru.superstarper.dev.KolyadiDar;
				PRODUCT_NAME = "Коляды Даръ";
				SWIFT_VERSION = 5.0;
				TARGETED_DEVICE_FAMILY = 1;
			};
			name = Debug;
		};
		37D8C2652462A3E100E9C5F4 /* Release */ = {
			isa = XCBuildConfiguration;
			buildSettings = {
				ALWAYS_EMBED_SWIFT_STANDARD_LIBRARIES = YES;
				ASSETCATALOG_COMPILER_APPICON_NAME = AppIcon;
				CODE_SIGN_ENTITLEMENTS = "KolyadiDar/Коляды_Даръ.entitlements";
				CODE_SIGN_STYLE = Automatic;
				DEVELOPMENT_TEAM = 83SVK7LP7D;
				INFOPLIST_FILE = KolyadiDar/Info.plist;
				IPHONEOS_DEPLOYMENT_TARGET = 13.0;
				LD_RUNPATH_SEARCH_PATHS = (
					"$(inherited)",
					"@executable_path/Frameworks",
				);
				PRODUCT_BUNDLE_IDENTIFIER = ru.superstarper.dev.KolyadiDar;
				PRODUCT_NAME = "Коляды Даръ";
				SWIFT_VERSION = 5.0;
				TARGETED_DEVICE_FAMILY = 1;
			};
			name = Release;
		};
/* End XCBuildConfiguration section */

/* Begin XCConfigurationList section */
		3701F18A247F6500009E4071 /* Build configuration list for PBXNativeTarget "widget" */ = {
			isa = XCConfigurationList;
			buildConfigurations = (
				3701F188247F6500009E4071 /* Debug */,
				3701F189247F6500009E4071 /* Release */,
			);
			defaultConfigurationIsVisible = 0;
			defaultConfigurationName = Release;
		};
		37D8C24A2462A3E000E9C5F4 /* Build configuration list for PBXProject "KolyadiDar" */ = {
			isa = XCConfigurationList;
			buildConfigurations = (
				37D8C2612462A3E100E9C5F4 /* Debug */,
				37D8C2622462A3E100E9C5F4 /* Release */,
			);
			defaultConfigurationIsVisible = 0;
			defaultConfigurationName = Release;
		};
		37D8C2632462A3E100E9C5F4 /* Build configuration list for PBXNativeTarget "KolyadiDar" */ = {
			isa = XCConfigurationList;
			buildConfigurations = (
				37D8C2642462A3E100E9C5F4 /* Debug */,
				37D8C2652462A3E100E9C5F4 /* Release */,
			);
			defaultConfigurationIsVisible = 0;
			defaultConfigurationName = Release;
		};
/* End XCConfigurationList section */
	};
	rootObject = 37D8C2472462A3E000E9C5F4 /* Project object */;
}
